// !$*UTF8*$!
{
	archiveVersion = 1;
	classes = {
	};
	objectVersion = 46;
	objects = {

/* Begin PBXBuildFile section */
		AC66CC351CBCD6C900E3811C /* AppDelegate.swift in Sources */ = {isa = PBXBuildFile; fileRef = AC66CC341CBCD6C900E3811C /* AppDelegate.swift */; };
		AC66CC371CBCD6C900E3811C /* ViewController.swift in Sources */ = {isa = PBXBuildFile; fileRef = AC66CC361CBCD6C900E3811C /* ViewController.swift */; };
		AC66CC3A1CBCD6C900E3811C /* Main.storyboard in Resources */ = {isa = PBXBuildFile; fileRef = AC66CC381CBCD6C900E3811C /* Main.storyboard */; };
		AC66CC3C1CBCD6C900E3811C /* Assets.xcassets in Resources */ = {isa = PBXBuildFile; fileRef = AC66CC3B1CBCD6C900E3811C /* Assets.xcassets */; };
		AC66CC3F1CBCD6C900E3811C /* LaunchScreen.storyboard in Resources */ = {isa = PBXBuildFile; fileRef = AC66CC3D1CBCD6C900E3811C /* LaunchScreen.storyboard */; };
/* End PBXBuildFile section */

/* Begin PBXFileReference section */
		AC66CC311CBCD6C800E3811C /* openlibraryCursado.app */ = {isa = PBXFileReference; explicitFileType = wrapper.application; includeInIndex = 0; path = openlibraryCursado.app; sourceTree = BUILT_PRODUCTS_DIR; };
		AC66CC341CBCD6C900E3811C /* AppDelegate.swift */ = {isa = PBXFileReference; lastKnownFileType = sourcecode.swift; path = AppDelegate.swift; sourceTree = "<group>"; };
		AC66CC361CBCD6C900E3811C /* ViewController.swift */ = {isa = PBXFileReference; lastKnownFileType = sourcecode.swift; path = ViewController.swift; sourceTree = "<group>"; };
		AC66CC391CBCD6C900E3811C /* Base */ = {isa = PBXFileReference; lastKnownFileType = file.storyboard; name = Base; path = Base.lproj/Main.storyboard; sourceTree = "<group>"; };
		AC66CC3B1CBCD6C900E3811C /* Assets.xcassets */ = {isa = PBXFileReference; lastKnownFileType = folder.assetcatalog; path = Assets.xcassets; sourceTree = "<group>"; };
		AC66CC3E1CBCD6C900E3811C /* Base */ = {isa = PBXFileReference; lastKnownFileType = file.storyboard; name = Base; path = Base.lproj/LaunchScreen.storyboard; sourceTree = "<group>"; };
		AC66CC401CBCD6C900E3811C /* Info.plist */ = {isa = PBXFileReference; lastKnownFileType = text.plist.xml; path = Info.plist; sourceTree = "<group>"; };
/* End PBXFileReference section */

/* Begin PBXFrameworksBuildPhase section */
		AC66CC2E1CBCD6C800E3811C /* Frameworks */ = {
			isa = PBXFrameworksBuildPhase;
			buildActionMask = 2147483647;
			files = (
			);
			runOnlyForDeploymentPostprocessing = 0;
		};
/* End PBXFrameworksBuildPhase section */

/* Begin PBXGroup section */
		AC66CC281CBCD6C800E3811C = {
			isa = PBXGroup;
			children = (
				AC66CC331CBCD6C900E3811C /* openlibraryCursado */,
				AC66CC321CBCD6C800E3811C /* Products */,
			);
			sourceTree = "<group>";
		};
		AC66CC321CBCD6C800E3811C /* Products */ = {
			isa = PBXGroup;
			children = (
				AC66CC311CBCD6C800E3811C /* openlibraryCursado.app */,
			);
			name = Products;
			sourceTree = "<group>";
		};
		AC66CC331CBCD6C900E3811C /* openlibraryCursado */ = {
			isa = PBXGroup;
			children = (
				AC66CC341CBCD6C900E3811C /* AppDelegate.swift */,
				AC66CC361CBCD6C900E3811C /* ViewController.swift */,
				AC66CC381CBCD6C900E3811C /* Main.storyboard */,
				AC66CC3B1CBCD6C900E3811C /* Assets.xcassets */,
				AC66CC3D1CBCD6C900E3811C /* LaunchScreen.storyboard */,
				AC66CC401CBCD6C900E3811C /* Info.plist */,
			);
			path = openlibraryCursado;
			sourceTree = "<group>";
		};
/* End PBXGroup section */

/* Begin PBXNativeTarget section */
		AC66CC301CBCD6C800E3811C /* openlibraryCursado */ = {
			isa = PBXNativeTarget;
			buildConfigurationList = AC66CC431CBCD6C900E3811C /* Build configuration list for PBXNativeTarget "openlibraryCursado" */;
			buildPhases = (
				AC66CC2D1CBCD6C800E3811C /* Sources */,
				AC66CC2E1CBCD6C800E3811C /* Frameworks */,
				AC66CC2F1CBCD6C800E3811C /* Resources */,
			);
			buildRules = (
			);
			dependencies = (
			);
			name = openlibraryCursado;
			productName = openlibraryCursado;
			productReference = AC66CC311CBCD6C800E3811C /* openlibraryCursado.app */;
			productType = "com.apple.product-type.application";
		};
/* End PBXNativeTarget section */

/* Begin PBXProject section */
		AC66CC291CBCD6C800E3811C /* Project object */ = {
			isa = PBXProject;
			attributes = {
				LastSwiftUpdateCheck = 0730;
				LastUpgradeCheck = 0730;
				ORGANIZATIONNAME = "Arturo Rivas";
				TargetAttributes = {
					AC66CC301CBCD6C800E3811C = {
						CreatedOnToolsVersion = 7.3;
					};
				};
			};
			buildConfigurationList = AC66CC2C1CBCD6C800E3811C /* Build configuration list for PBXProject "openlibraryCursado" */;
			compatibilityVersion = "Xcode 3.2";
			developmentRegion = English;
			hasScannedForEncodings = 0;
			knownRegions = (
				en,
				Base,
			);
			mainGroup = AC66CC281CBCD6C800E3811C;
			productRefGroup = AC66CC321CBCD6C800E3811C /* Products */;
			projectDirPath = "";
			projectRoot = "";
			targets = (
				AC66CC301CBCD6C800E3811C /* openlibraryCursado */,
			);
		};
/* End PBXProject section */

/* Begin PBXResourcesBuildPhase section */
		AC66CC2F1CBCD6C800E3811C /* Resources */ = {
			isa = PBXResourcesBuildPhase;
			buildActionMask = 2147483647;
			files = (
				AC66CC3F1CBCD6C900E3811C /* LaunchScreen.storyboard in Resources */,
				AC66CC3C1CBCD6C900E3811C /* Assets.xcassets in Resources */,
				AC66CC3A1CBCD6C900E3811C /* Main.storyboard in Resources */,
			);
			runOnlyForDeploymentPostprocessing = 0;
		};
/* End PBXResourcesBuildPhase section */

/* Begin PBXSourcesBuildPhase section */
		AC66CC2D1CBCD6C800E3811C /* Sources */ = {
			isa = PBXSourcesBuildPhase;
			buildActionMask = 2147483647;
			files = (
				AC66CC371CBCD6C900E3811C /* ViewController.swift in Sources */,
				AC66CC351CBCD6C900E3811C /* AppDelegate.swift in Sources */,
			);
			runOnlyForDeploymentPostprocessing = 0;
		};
/* End PBXSourcesBuildPhase section */

/* Begin PBXVariantGroup section */
		AC66CC381CBCD6C900E3811C /* Main.storyboard */ = {
			isa = PBXVariantGroup;
			children = (
				AC66CC391CBCD6C900E3811C /* Base */,
			);
			name = Main.storyboard;
			sourceTree = "<group>";
		};
		AC66CC3D1CBCD6C900E3811C /* LaunchScreen.storyboard */ = {
			isa = PBXVariantGroup;
			children = (
				AC66CC3E1CBCD6C900E3811C /* Base */,
			);
			name = LaunchScreen.storyboard;
			sourceTree = "<group>";
		};
/* End PBXVariantGroup section */

/* Begin XCBuildConfiguration section */
		AC66CC411CBCD6C900E3811C /* Debug */ = {
			isa = XCBuildConfiguration;
			buildSettings = {
				ALWAYS_SEARCH_USER_PATHS = NO;
				CLANG_ANALYZER_NONNULL = YES;
				CLANG_CXX_LANGUAGE_STANDARD = "gnu++0x";
				CLANG_CXX_LIBRARY = "libc++";
				CLANG_ENABLE_MODULES = YES;
				CLANG_ENABLE_OBJC_ARC = YES;
				CLANG_WARN_BOOL_CONVERSION = YES;
				CLANG_WARN_CONSTANT_CONVERSION = YES;
				CLANG_WARN_DIRECT_OBJC_ISA_USAGE = YES_ERROR;
				CLANG_WARN_EMPTY_BODY = YES;
				CLANG_WARN_ENUM_CONVERSION = YES;
				CLANG_WARN_INT_CONVERSION = YES;
				CLANG_WARN_OBJC_ROOT_CLASS = YES_ERROR;
				CLANG_WARN_UNREACHABLE_CODE = YES;
				CLANG_WARN__DUPLICATE_METHOD_MATCH = YES;
				"CODE_SIGN_IDENTITY[sdk=iphoneos*]" = "iPhone Developer";
				COPY_PHASE_STRIP = NO;
				DEBUG_INFORMATION_FORMAT = dwarf;
				ENABLE_STRICT_OBJC_MSGSEND = YES;
				ENABLE_TESTABILITY = YES;
				GCC_C_LANGUAGE_STANDARD = gnu99;
				GCC_DYNAMIC_NO_PIC = NO;
				GCC_NO_COMMON_BLOCKS = YES;
				GCC_OPTIMIZATION_LEVEL = 0;
				GCC_PREPROCESSOR_DEFINITIONS = (
					"DEBUG=1",
					"$(inherited)",
				);
				GCC_WARN_64_TO_32_BIT_CONVERSION = YES;
				GCC_WARN_ABOUT_RETURN_TYPE = YES_ERROR;
				GCC_WARN_UNDECLARED_SELECTOR = YES;
				GCC_WARN_UNINITIALIZED_AUTOS = YES_AGGRESSIVE;
				GCC_WARN_UNUSED_FUNCTION = YES;
				GCC_WARN_UNUSED_VARIABLE = YES;
				IPHONEOS_DEPLOYMENT_TARGET = 9.3;
				MTL_ENABLE_DEBUG_INFO = YES;
				ONLY_ACTIVE_ARCH = YES;
				SDKROOT = iphoneos;
				SWIFT_OPTIMIZATION_LEVEL = "-Onone";
				TARGETED_DEVICE_FAMILY = "1,2";
			};
			name = Debug;
		};
		AC66CC421CBCD6C900E3811C /* Release */ = {
			isa = XCBuildConfiguration;
			buildSettings = {
				ALWAYS_SEARCH_USER_PATHS = NO;
				CLANG_ANALYZER_NONNULL = YES;
				CLANG_CXX_LANGUAGE_STANDARD = "gnu++0x";
				CLANG_CXX_LIBRARY = "libc++";
				CLANG_ENABLE_MODULES = YES;
				CLANG_ENABLE_OBJC_ARC = YES;
				CLANG_WARN_BOOL_CONVERSION = YES;
				CLANG_WARN_CONSTANT_CONVERSION = YES;
				CLANG_WARN_DIRECT_OBJC_ISA_USAGE = YES_ERROR;
				CLANG_WARN_EMPTY_BODY = YES;
				CLANG_WARN_ENUM_CONVERSION = YES;
				CLANG_WARN_INT_CONVERSION = YES;
				CLANG_WARN_OBJC_ROOT_CLASS = YES_ERROR;
				CLANG_WARN_UNREACHABLE_CODE = YES;
				CLANG_WARN__DUPLICATE_METHOD_MATCH = YES;
				"CODE_SIGN_IDENTITY[sdk=iphoneos*]" = "iPhone Developer";
				COPY_PHASE_STRIP = NO;
				DEBUG_INFORMATION_FORMAT = "dwarf-with-dsym";
				ENABLE_NS_ASSERTIONS = NO;
				ENABLE_STRICT_OBJC_MSGSEND = YES;
				GCC_C_LANGUAGE_STANDARD = gnu99;
				GCC_NO_COMMON_BLOCKS = YES;
				GCC_WARN_64_TO_32_BIT_CONVERSION = YES;
				GCC_WARN_ABOUT_RETURN_TYPE = YES_ERROR;
				GCC_WARN_UNDECLARED_SELECTOR = YES;
				GCC_WARN_UNINITIALIZED_AUTOS = YES_AGGRESSIVE;
				GCC_WARN_UNUSED_FUNCTION = YES;
				GCC_WARN_UNUSED_VARIABLE = YES;
				IPHONEOS_DEPLOYMENT_TARGET = 9.3;
				MTL_ENABLE_DEBUG_INFO = NO;
				SDKROOT = iphoneos;
				TARGETED_DEVICE_FAMILY = "1,2";
				VALIDATE_PRODUCT = YES;
			};
			name = Release;
		};
		AC66CC441CBCD6C900E3811C /* Debug */ = {
			isa = XCBuildConfiguration;
			buildSettings = {
				ASSETCATALOG_COMPILER_APPICON_NAME = AppIcon;
				INFOPLIST_FILE = openlibraryCursado/Info.plist;
				LD_RUNPATH_SEARCH_PATHS = "$(inherited) @executable_path/Frameworks";
				PRODUCT_BUNDLE_IDENTIFIER = com.arturorivas.openlibraryCursado;
				PRODUCT_NAME = "$(TARGET_NAME)";
			};
			name = Debug;
		};
		AC66CC451CBCD6C900E3811C /* Release */ = {
			isa = XCBuildConfiguration;
			buildSettings = {
				ASSETCATALOG_COMPILER_APPICON_NAME = AppIcon;
				INFOPLIST_FILE = openlibraryCursado/Info.plist;
				LD_RUNPATH_SEARCH_PATHS = "$(inherited) @executable_path/Frameworks";
				PRODUCT_BUNDLE_IDENTIFIER = com.arturorivas.openlibraryCursado;
				PRODUCT_NAME = "$(TARGET_NAME)";
			};
			name = Release;
		};
/* End XCBuildConfiguration section */

/* Begin XCConfigurationList section */
		AC66CC2C1CBCD6C800E3811C /* Build configuration list for PBXProject "openlibraryCursado" */ = {
			isa = XCConfigurationList;
			buildConfigurations = (
				AC66CC411CBCD6C900E3811C /* Debug */,
				AC66CC421CBCD6C900E3811C /* Release */,
			);
			defaultConfigurationIsVisible = 0;
			defaultConfigurationName = Release;
		};
		AC66CC431CBCD6C900E3811C /* Build configuration list for PBXNativeTarget "openlibraryCursado" */ = {
			isa = XCConfigurationList;
			buildConfigurations = (
				AC66CC441CBCD6C900E3811C /* Debug */,
				AC66CC451CBCD6C900E3811C /* Release */,
			);
			defaultConfigurationIsVisible = 0;
		};
/* End XCConfigurationList section */
	};
	rootObject = AC66CC291CBCD6C800E3811C /* Project object */;
}
